
Microsoft Visual Studio Solution File, Format Version 12.00
# Visual Studio Version 16
VisualStudioVersion = 16.0.30413.136
MinimumVisualStudioVersion = 10.0.40219.1
Project("{9A19103F-16F7-4668-BE54-9A1E7A4F7556}") = "Backend.Business", "Backend\Business\Backend.Business.csproj", "{4BC585AD-6C66-4508-8919-2FF1E5409DD3}"
EndProject
Project("{9A19103F-16F7-4668-BE54-9A1E7A4F7556}") = "Backend.WebApi", "Backend\WebApi\Backend.WebApi.csproj", "{A4905DDA-F25E-42B6-A793-07366749D852}"
EndProject
Project("{9A19103F-16F7-4668-BE54-9A1E7A4F7556}") = "Backend.Domain", "Backend\Domain\Backend.Domain.csproj", "{5B96C2BB-AE9A-45D7-8DCF-BACF1C3713CA}"
EndProject
Project("{9A19103F-16F7-4668-BE54-9A1E7A4F7556}") = "Frontend.WebSite", "Frontend\WebSite\Frontend.WebSite.csproj", "{AEC8CBDE-7CF8-412F-B9B3-FE09E27E068C}"
EndProject
Project("{E53339B2-1760-4266-BCC7-CA923CBCF16C}") = "docker-compose", "docker-compose.dcproj", "{410902EB-7EA0-4136-8700-8B3BFDDF37E8}"
EndProject
Global
	GlobalSection(SolutionConfigurationPlatforms) = preSolution
		Debug|Any CPU = Debug|Any CPU
		Release|Any CPU = Release|Any CPU
	EndGlobalSection
	GlobalSection(ProjectConfigurationPlatforms) = postSolution
		{4BC585AD-6C66-4508-8919-2FF1E5409DD3}.Debug|Any CPU.ActiveCfg = Debug|Any CPU
		{4BC585AD-6C66-4508-8919-2FF1E5409DD3}.Debug|Any CPU.Build.0 = Debug|Any CPU
		{4BC585AD-6C66-4508-8919-2FF1E5409DD3}.Release|Any CPU.ActiveCfg = Release|Any CPU
		{4BC585AD-6C66-4508-8919-2FF1E5409DD3}.Release|Any CPU.Build.0 = Release|Any CPU
		{A4905DDA-F25E-42B6-A793-07366749D852}.Debug|Any CPU.ActiveCfg = Debug|Any CPU
		{A4905DDA-F25E-42B6-A793-07366749D852}.Debug|Any CPU.Build.0 = Debug|Any CPU
		{A4905DDA-F25E-42B6-A793-07366749D852}.Release|Any CPU.ActiveCfg = Release|Any CPU
		{A4905DDA-F25E-42B6-A793-07366749D852}.Release|Any CPU.Build.0 = Release|Any CPU
		{5B96C2BB-AE9A-45D7-8DCF-BACF1C3713CA}.Debug|Any CPU.ActiveCfg = Debug|Any CPU
		{5B96C2BB-AE9A-45D7-8DCF-BACF1C3713CA}.Debug|Any CPU.Build.0 = Debug|Any CPU
		{5B96C2BB-AE9A-45D7-8DCF-BACF1C3713CA}.Release|Any CPU.ActiveCfg = Release|Any CPU
		{5B96C2BB-AE9A-45D7-8DCF-BACF1C3713CA}.Release|Any CPU.Build.0 = Release|Any CPU
		{AEC8CBDE-7CF8-412F-B9B3-FE09E27E068C}.Debug|Any CPU.ActiveCfg = Debug|Any CPU
		{AEC8CBDE-7CF8-412F-B9B3-FE09E27E068C}.Debug|Any CPU.Build.0 = Debug|Any CPU
		{AEC8CBDE-7CF8-412F-B9B3-FE09E27E068C}.Release|Any CPU.ActiveCfg = Release|Any CPU
		{AEC8CBDE-7CF8-412F-B9B3-FE09E27E068C}.Release|Any CPU.Build.0 = Release|Any CPU
		{410902EB-7EA0-4136-8700-8B3BFDDF37E8}.Debug|Any CPU.ActiveCfg = Debug|Any CPU
		{410902EB-7EA0-4136-8700-8B3BFDDF37E8}.Debug|Any CPU.Build.0 = Debug|Any CPU
		{410902EB-7EA0-4136-8700-8B3BFDDF37E8}.Release|Any CPU.ActiveCfg = Release|Any CPU
		{410902EB-7EA0-4136-8700-8B3BFDDF37E8}.Release|Any CPU.Build.0 = Release|Any CPU
	EndGlobalSection
	GlobalSection(SolutionProperties) = preSolution
		HideSolutionNode = FALSE
	EndGlobalSection
	GlobalSection(ExtensibilityGlobals) = postSolution
		SolutionGuid = {A26405C4-D74A-4E58-AE40-390EAB47183D}
	EndGlobalSection
EndGlobal
